
Microsoft Visual Studio Solution File, Format Version 12.00
# Visual Studio Version 16
VisualStudioVersion = 16.0.31129.286
MinimumVisualStudioVersion = 10.0.40219.1
Project("{FAE04EC0-301F-11D3-BF4B-00C04F79EFBC}") = "SchoolManagmentSystem", "SchoolManagmentSystem\SchoolManagmentSystem.csproj", "{576CF8AB-09E1-4A28-A5B0-E0E506DF68D5}"
EndProject
Global
	GlobalSection(SolutionConfigurationPlatforms) = preSolution
		Debug|Any CPU = Debug|Any CPU
		Release|Any CPU = Release|Any CPU
	EndGlobalSection
	GlobalSection(ProjectConfigurationPlatforms) = postSolution
		{576CF8AB-09E1-4A28-A5B0-E0E506DF68D5}.Debug|Any CPU.ActiveCfg = Debug|Any CPU
		{576CF8AB-09E1-4A28-A5B0-E0E506DF68D5}.Debug|Any CPU.Build.0 = Debug|Any CPU
		{576CF8AB-09E1-4A28-A5B0-E0E506DF68D5}.Release|Any CPU.ActiveCfg = Release|Any CPU
		{576CF8AB-09E1-4A28-A5B0-E0E506DF68D5}.Release|Any CPU.Build.0 = Release|Any CPU
	EndGlobalSection
	GlobalSection(SolutionProperties) = preSolution
		HideSolutionNode = FALSE
	EndGlobalSection
	GlobalSection(ExtensibilityGlobals) = postSolution
		SolutionGuid = {54E3FF9B-7865-4346-AAAD-0D5C8F6CB8E5}
	EndGlobalSection
EndGlobal
